
Microsoft Visual Studio Solution File, Format Version 12.00
# Visual Studio 2012
Project("{FAE04EC0-301F-11D3-BF4B-00C04F79EFBC}") = "TestApp", "TestApp\TestApp.csproj", "{C741FAF0-EDB4-4A81-A40F-12A57634C51D}"
EndProject
Project("{2150E333-8FDC-42A3-9474-1A3956D46DE8}") = "Solution Items", "Solution Items", "{3082ACB8-1A5D-4227-BF04-CC09E0A41DE8}"
EndProject
Project("{2150E333-8FDC-42A3-9474-1A3956D46DE8}") = "UserDetails", "UserDetails", "{12E005DC-6713-46D3-B484-C6A9EEDDAF5F}"
EndProject
Project("{2150E333-8FDC-42A3-9474-1A3956D46DE8}") = ".nuget", ".nuget", "{79859AF3-7715-4F01-AB91-691988E77DD8}"
	ProjectSection(SolutionItems) = preProject
		.nuget\packages.config = .nuget\packages.config
	EndProjectSection
EndProject
Global
	GlobalSection(SolutionConfigurationPlatforms) = preSolution
		Debug|Any CPU = Debug|Any CPU
		Release|Any CPU = Release|Any CPU
	EndGlobalSection
	GlobalSection(ProjectConfigurationPlatforms) = postSolution
		{C741FAF0-EDB4-4A81-A40F-12A57634C51D}.Debug|Any CPU.ActiveCfg = Debug|Any CPU
		{C741FAF0-EDB4-4A81-A40F-12A57634C51D}.Debug|Any CPU.Build.0 = Debug|Any CPU
		{C741FAF0-EDB4-4A81-A40F-12A57634C51D}.Release|Any CPU.ActiveCfg = Release|Any CPU
		{C741FAF0-EDB4-4A81-A40F-12A57634C51D}.Release|Any CPU.Build.0 = Release|Any CPU
	EndGlobalSection
	GlobalSection(SolutionProperties) = preSolution
		HideSolutionNode = FALSE
	EndGlobalSection
EndGlobal
